
Microsoft Visual Studio Solution File, Format Version 12.00
# Visual Studio Version 17
VisualStudioVersion = 17.13.35818.85 d17.13
MinimumVisualStudioVersion = 10.0.40219.1
Project("{FAE04EC0-301F-11D3-BF4B-00C04F79EFBC}") = "Day3_2", "Day3_2\Day3_2.csproj", "{55F4F89E-D1E9-414E-A693-00B8D0326A7C}"
EndProject
Global
	GlobalSection(SolutionConfigurationPlatforms) = preSolution
		Debug|Any CPU = Debug|Any CPU
		Release|Any CPU = Release|Any CPU
	EndGlobalSection
	GlobalSection(ProjectConfigurationPlatforms) = postSolution
		{55F4F89E-D1E9-414E-A693-00B8D0326A7C}.Debug|Any CPU.ActiveCfg = Debug|Any CPU
		{55F4F89E-D1E9-414E-A693-00B8D0326A7C}.Debug|Any CPU.Build.0 = Debug|Any CPU
		{55F4F89E-D1E9-414E-A693-00B8D0326A7C}.Release|Any CPU.ActiveCfg = Release|Any CPU
		{55F4F89E-D1E9-414E-A693-00B8D0326A7C}.Release|Any CPU.Build.0 = Release|Any CPU
	EndGlobalSection
	GlobalSection(SolutionProperties) = preSolution
		HideSolutionNode = FALSE
	EndGlobalSection
	GlobalSection(ExtensibilityGlobals) = postSolution
		SolutionGuid = {1DA906D5-95DD-40BC-B841-98FA7A446ECA}
	EndGlobalSection
EndGlobal
