
Microsoft Visual Studio Solution File, Format Version 12.00
# Visual Studio Version 17
VisualStudioVersion = 17.13.35818.85 d17.13
MinimumVisualStudioVersion = 10.0.40219.1
Project("{FAE04EC0-301F-11D3-BF4B-00C04F79EFBC}") = "practice", "practice\practice.csproj", "{D521E453-3169-4A27-A0E6-7F8B4F3ECE0E}"
EndProject
Global
	GlobalSection(SolutionConfigurationPlatforms) = preSolution
		Debug|Any CPU = Debug|Any CPU
		Release|Any CPU = Release|Any CPU
	EndGlobalSection
	GlobalSection(ProjectConfigurationPlatforms) = postSolution
		{D521E453-3169-4A27-A0E6-7F8B4F3ECE0E}.Debug|Any CPU.ActiveCfg = Debug|Any CPU
		{D521E453-3169-4A27-A0E6-7F8B4F3ECE0E}.Debug|Any CPU.Build.0 = Debug|Any CPU
		{D521E453-3169-4A27-A0E6-7F8B4F3ECE0E}.Release|Any CPU.ActiveCfg = Release|Any CPU
		{D521E453-3169-4A27-A0E6-7F8B4F3ECE0E}.Release|Any CPU.Build.0 = Release|Any CPU
	EndGlobalSection
	GlobalSection(SolutionProperties) = preSolution
		HideSolutionNode = FALSE
	EndGlobalSection
	GlobalSection(ExtensibilityGlobals) = postSolution
		SolutionGuid = {3D973160-E165-449B-8224-39DCDB5115CE}
	EndGlobalSection
EndGlobal
