
Microsoft Visual Studio Solution File, Format Version 12.00
# Visual Studio Version 17
VisualStudioVersion = 17.13.35818.85 d17.13
MinimumVisualStudioVersion = 10.0.40219.1
Project("{FAE04EC0-301F-11D3-BF4B-00C04F79EFBC}") = "Inventory", "Inventory\Inventory.csproj", "{5FCD17A4-108A-45D3-83B8-7708E10B9913}"
EndProject
Global
	GlobalSection(SolutionConfigurationPlatforms) = preSolution
		Debug|Any CPU = Debug|Any CPU
		Release|Any CPU = Release|Any CPU
	EndGlobalSection
	GlobalSection(ProjectConfigurationPlatforms) = postSolution
		{5FCD17A4-108A-45D3-83B8-7708E10B9913}.Debug|Any CPU.ActiveCfg = Debug|Any CPU
		{5FCD17A4-108A-45D3-83B8-7708E10B9913}.Debug|Any CPU.Build.0 = Debug|Any CPU
		{5FCD17A4-108A-45D3-83B8-7708E10B9913}.Release|Any CPU.ActiveCfg = Release|Any CPU
		{5FCD17A4-108A-45D3-83B8-7708E10B9913}.Release|Any CPU.Build.0 = Release|Any CPU
	EndGlobalSection
	GlobalSection(SolutionProperties) = preSolution
		HideSolutionNode = FALSE
	EndGlobalSection
	GlobalSection(ExtensibilityGlobals) = postSolution
		SolutionGuid = {2B459A34-2C4B-49B1-8D65-69BC0488C02C}
	EndGlobalSection
EndGlobal
