
Microsoft Visual Studio Solution File, Format Version 12.00
# Visual Studio Version 17
VisualStudioVersion = 17.13.35818.85 d17.13
MinimumVisualStudioVersion = 10.0.40219.1
Project("{FAE04EC0-301F-11D3-BF4B-00C04F79EFBC}") = "studyReadLine", "studyReadLine\studyReadLine.csproj", "{7B08EE87-61F6-43F6-9969-8472B383318C}"
EndProject
Global
	GlobalSection(SolutionConfigurationPlatforms) = preSolution
		Debug|Any CPU = Debug|Any CPU
		Release|Any CPU = Release|Any CPU
	EndGlobalSection
	GlobalSection(ProjectConfigurationPlatforms) = postSolution
		{7B08EE87-61F6-43F6-9969-8472B383318C}.Debug|Any CPU.ActiveCfg = Debug|Any CPU
		{7B08EE87-61F6-43F6-9969-8472B383318C}.Debug|Any CPU.Build.0 = Debug|Any CPU
		{7B08EE87-61F6-43F6-9969-8472B383318C}.Release|Any CPU.ActiveCfg = Release|Any CPU
		{7B08EE87-61F6-43F6-9969-8472B383318C}.Release|Any CPU.Build.0 = Release|Any CPU
	EndGlobalSection
	GlobalSection(SolutionProperties) = preSolution
		HideSolutionNode = FALSE
	EndGlobalSection
	GlobalSection(ExtensibilityGlobals) = postSolution
		SolutionGuid = {14856A91-5918-4CC5-98EC-8CED0D5E9538}
	EndGlobalSection
EndGlobal
