
Microsoft Visual Studio Solution File, Format Version 12.00
# Visual Studio Version 17
VisualStudioVersion = 17.13.35818.85 d17.13
MinimumVisualStudioVersion = 10.0.40219.1
Project("{FAE04EC0-301F-11D3-BF4B-00C04F79EFBC}") = "TEXTRPG", "TEXTRPG\TEXTRPG.csproj", "{6355C821-C8A4-4165-8DF2-AA94A6AD033D}"
EndProject
Global
	GlobalSection(SolutionConfigurationPlatforms) = preSolution
		Debug|Any CPU = Debug|Any CPU
		Release|Any CPU = Release|Any CPU
	EndGlobalSection
	GlobalSection(ProjectConfigurationPlatforms) = postSolution
		{6355C821-C8A4-4165-8DF2-AA94A6AD033D}.Debug|Any CPU.ActiveCfg = Debug|Any CPU
		{6355C821-C8A4-4165-8DF2-AA94A6AD033D}.Debug|Any CPU.Build.0 = Debug|Any CPU
		{6355C821-C8A4-4165-8DF2-AA94A6AD033D}.Release|Any CPU.ActiveCfg = Release|Any CPU
		{6355C821-C8A4-4165-8DF2-AA94A6AD033D}.Release|Any CPU.Build.0 = Release|Any CPU
	EndGlobalSection
	GlobalSection(SolutionProperties) = preSolution
		HideSolutionNode = FALSE
	EndGlobalSection
	GlobalSection(ExtensibilityGlobals) = postSolution
		SolutionGuid = {57F59A91-A0CF-49B6-9C06-EDB6C9C80118}
	EndGlobalSection
EndGlobal
