
Microsoft Visual Studio Solution File, Format Version 12.00
# Visual Studio Version 17
VisualStudioVersion = 17.13.35818.85 d17.13
MinimumVisualStudioVersion = 10.0.40219.1
Project("{FAE04EC0-301F-11D3-BF4B-00C04F79EFBC}") = "Day8_5", "Day8_5\Day8_5.csproj", "{A2A50EBF-1A62-42C3-921C-1F2F99B6ADCC}"
EndProject
Global
	GlobalSection(SolutionConfigurationPlatforms) = preSolution
		Debug|Any CPU = Debug|Any CPU
		Release|Any CPU = Release|Any CPU
	EndGlobalSection
	GlobalSection(ProjectConfigurationPlatforms) = postSolution
		{A2A50EBF-1A62-42C3-921C-1F2F99B6ADCC}.Debug|Any CPU.ActiveCfg = Debug|Any CPU
		{A2A50EBF-1A62-42C3-921C-1F2F99B6ADCC}.Debug|Any CPU.Build.0 = Debug|Any CPU
		{A2A50EBF-1A62-42C3-921C-1F2F99B6ADCC}.Release|Any CPU.ActiveCfg = Release|Any CPU
		{A2A50EBF-1A62-42C3-921C-1F2F99B6ADCC}.Release|Any CPU.Build.0 = Release|Any CPU
	EndGlobalSection
	GlobalSection(SolutionProperties) = preSolution
		HideSolutionNode = FALSE
	EndGlobalSection
	GlobalSection(ExtensibilityGlobals) = postSolution
		SolutionGuid = {929B6250-4A93-4111-8F6F-B8B65F601812}
	EndGlobalSection
EndGlobal
