
Microsoft Visual Studio Solution File, Format Version 12.00
# Visual Studio Version 17
VisualStudioVersion = 17.13.35818.85 d17.13
MinimumVisualStudioVersion = 10.0.40219.1
Project("{FAE04EC0-301F-11D3-BF4B-00C04F79EFBC}") = "Day7", "Day7\Day7.csproj", "{59DB3F9C-8273-4EC1-A56D-F62256DB0BAB}"
EndProject
Global
	GlobalSection(SolutionConfigurationPlatforms) = preSolution
		Debug|Any CPU = Debug|Any CPU
		Release|Any CPU = Release|Any CPU
	EndGlobalSection
	GlobalSection(ProjectConfigurationPlatforms) = postSolution
		{59DB3F9C-8273-4EC1-A56D-F62256DB0BAB}.Debug|Any CPU.ActiveCfg = Debug|Any CPU
		{59DB3F9C-8273-4EC1-A56D-F62256DB0BAB}.Debug|Any CPU.Build.0 = Debug|Any CPU
		{59DB3F9C-8273-4EC1-A56D-F62256DB0BAB}.Release|Any CPU.ActiveCfg = Release|Any CPU
		{59DB3F9C-8273-4EC1-A56D-F62256DB0BAB}.Release|Any CPU.Build.0 = Release|Any CPU
	EndGlobalSection
	GlobalSection(SolutionProperties) = preSolution
		HideSolutionNode = FALSE
	EndGlobalSection
	GlobalSection(ExtensibilityGlobals) = postSolution
		SolutionGuid = {7F3340A2-72DE-47EC-B10C-CFB90870F889}
	EndGlobalSection
EndGlobal
