
Microsoft Visual Studio Solution File, Format Version 12.00
# Visual Studio Version 17
VisualStudioVersion = 17.13.35818.85 d17.13
MinimumVisualStudioVersion = 10.0.40219.1
Project("{FAE04EC0-301F-11D3-BF4B-00C04F79EFBC}") = "Day8_3", "Day8_3\Day8_3.csproj", "{2F9FA19F-3EF9-4A2E-A451-8B7F86022CF0}"
EndProject
Global
	GlobalSection(SolutionConfigurationPlatforms) = preSolution
		Debug|Any CPU = Debug|Any CPU
		Release|Any CPU = Release|Any CPU
	EndGlobalSection
	GlobalSection(ProjectConfigurationPlatforms) = postSolution
		{2F9FA19F-3EF9-4A2E-A451-8B7F86022CF0}.Debug|Any CPU.ActiveCfg = Debug|Any CPU
		{2F9FA19F-3EF9-4A2E-A451-8B7F86022CF0}.Debug|Any CPU.Build.0 = Debug|Any CPU
		{2F9FA19F-3EF9-4A2E-A451-8B7F86022CF0}.Release|Any CPU.ActiveCfg = Release|Any CPU
		{2F9FA19F-3EF9-4A2E-A451-8B7F86022CF0}.Release|Any CPU.Build.0 = Release|Any CPU
	EndGlobalSection
	GlobalSection(SolutionProperties) = preSolution
		HideSolutionNode = FALSE
	EndGlobalSection
	GlobalSection(ExtensibilityGlobals) = postSolution
		SolutionGuid = {2D42574F-6C1D-4F93-A37C-A9D593CF86DE}
	EndGlobalSection
EndGlobal
