
Microsoft Visual Studio Solution File, Format Version 12.00
# Visual Studio Version 17
VisualStudioVersion = 17.13.35818.85 d17.13
MinimumVisualStudioVersion = 10.0.40219.1
Project("{FAE04EC0-301F-11D3-BF4B-00C04F79EFBC}") = "Day8", "Day8\Day8.csproj", "{256CB6A4-7BC9-4E83-B4B6-FE7593F8425B}"
EndProject
Global
	GlobalSection(SolutionConfigurationPlatforms) = preSolution
		Debug|Any CPU = Debug|Any CPU
		Release|Any CPU = Release|Any CPU
	EndGlobalSection
	GlobalSection(ProjectConfigurationPlatforms) = postSolution
		{256CB6A4-7BC9-4E83-B4B6-FE7593F8425B}.Debug|Any CPU.ActiveCfg = Debug|Any CPU
		{256CB6A4-7BC9-4E83-B4B6-FE7593F8425B}.Debug|Any CPU.Build.0 = Debug|Any CPU
		{256CB6A4-7BC9-4E83-B4B6-FE7593F8425B}.Release|Any CPU.ActiveCfg = Release|Any CPU
		{256CB6A4-7BC9-4E83-B4B6-FE7593F8425B}.Release|Any CPU.Build.0 = Release|Any CPU
	EndGlobalSection
	GlobalSection(SolutionProperties) = preSolution
		HideSolutionNode = FALSE
	EndGlobalSection
	GlobalSection(ExtensibilityGlobals) = postSolution
		SolutionGuid = {ACE4A730-41C1-444E-BFE0-0CE671D1D089}
	EndGlobalSection
EndGlobal
