
Microsoft Visual Studio Solution File, Format Version 12.00
# Visual Studio Version 17
VisualStudioVersion = 17.13.35818.85 d17.13
MinimumVisualStudioVersion = 10.0.40219.1
Project("{FAE04EC0-301F-11D3-BF4B-00C04F79EFBC}") = "Day3_1", "Day3_1\Day3_1.csproj", "{175AA0C0-9437-40AA-A7CB-6D6519133E79}"
EndProject
Global
	GlobalSection(SolutionConfigurationPlatforms) = preSolution
		Debug|Any CPU = Debug|Any CPU
		Release|Any CPU = Release|Any CPU
	EndGlobalSection
	GlobalSection(ProjectConfigurationPlatforms) = postSolution
		{175AA0C0-9437-40AA-A7CB-6D6519133E79}.Debug|Any CPU.ActiveCfg = Debug|Any CPU
		{175AA0C0-9437-40AA-A7CB-6D6519133E79}.Debug|Any CPU.Build.0 = Debug|Any CPU
		{175AA0C0-9437-40AA-A7CB-6D6519133E79}.Release|Any CPU.ActiveCfg = Release|Any CPU
		{175AA0C0-9437-40AA-A7CB-6D6519133E79}.Release|Any CPU.Build.0 = Release|Any CPU
	EndGlobalSection
	GlobalSection(SolutionProperties) = preSolution
		HideSolutionNode = FALSE
	EndGlobalSection
	GlobalSection(ExtensibilityGlobals) = postSolution
		SolutionGuid = {F16D10BA-98D9-4219-A7DF-EC7449EEDB08}
	EndGlobalSection
EndGlobal
